
Microsoft Visual Studio Solution File, Format Version 12.00
# Visual Studio 15
VisualStudioVersion = 15.0.27004.2010
MinimumVisualStudioVersion = 10.0.40219.1
Project("{F184B08F-C81C-45F6-A57F-5ABD9991F28F}") = "SianGrid", "SianGrid\SianGrid.vbproj", "{EB5CB48D-9861-49E4-87B5-A206E79BD16B}"
EndProject
Global
	GlobalSection(SolutionConfigurationPlatforms) = preSolution
		Debug|Any CPU = Debug|Any CPU
		Release|Any CPU = Release|Any CPU
	EndGlobalSection
	GlobalSection(ProjectConfigurationPlatforms) = postSolution
		{EB5CB48D-9861-49E4-87B5-A206E79BD16B}.Debug|Any CPU.ActiveCfg = Debug|Any CPU
		{EB5CB48D-9861-49E4-87B5-A206E79BD16B}.Debug|Any CPU.Build.0 = Debug|Any CPU
		{EB5CB48D-9861-49E4-87B5-A206E79BD16B}.Release|Any CPU.ActiveCfg = Release|Any CPU
		{EB5CB48D-9861-49E4-87B5-A206E79BD16B}.Release|Any CPU.Build.0 = Release|Any CPU
	EndGlobalSection
	GlobalSection(SolutionProperties) = preSolution
		HideSolutionNode = FALSE
	EndGlobalSection
	GlobalSection(ExtensibilityGlobals) = postSolution
		SolutionGuid = {05C4F6EF-157E-4EF4-B0B0-796696597783}
	EndGlobalSection
EndGlobal
